// !$*UTF8*$!
{
	archiveVersion = 1;
	classes = {
	};
	objectVersion = 46;
	objects = {

/* Begin PBXBuildFile section */
		3D6C077914C346DB00FF503C /* UIKit.framework in Frameworks */ = {isa = PBXBuildFile; fileRef = 3D6C077814C346DB00FF503C /* UIKit.framework */; };
		3D6C077B14C346DB00FF503C /* Foundation.framework in Frameworks */ = {isa = PBXBuildFile; fileRef = 3D6C077A14C346DB00FF503C /* Foundation.framework */; };
		3D6C077D14C346DB00FF503C /* CoreGraphics.framework in Frameworks */ = {isa = PBXBuildFile; fileRef = 3D6C077C14C346DB00FF503C /* CoreGraphics.framework */; };
		3D6C078314C346DB00FF503C /* InfoPlist.strings in Resources */ = {isa = PBXBuildFile; fileRef = 3D6C078114C346DB00FF503C /* InfoPlist.strings */; };
		3D6C078514C346DB00FF503C /* main.m in Sources */ = {isa = PBXBuildFile; fileRef = 3D6C078414C346DB00FF503C /* main.m */; };
		3D6C078914C346DB00FF503C /* ATAppDelegate.m in Sources */ = {isa = PBXBuildFile; fileRef = 3D6C078814C346DB00FF503C /* ATAppDelegate.m */; };
		3D6C078C14C346DB00FF503C /* ATViewController.m in Sources */ = {isa = PBXBuildFile; fileRef = 3D6C078B14C346DB00FF503C /* ATViewController.m */; };
		3D6C078F14C346DB00FF503C /* ATViewController.xib in Resources */ = {isa = PBXBuildFile; fileRef = 3D6C078D14C346DB00FF503C /* ATViewController.xib */; };
		3D6C079614C3470600FF503C /* Cities.plist in Resources */ = {isa = PBXBuildFile; fileRef = 3D6C079514C3470600FF503C /* Cities.plist */; };
		3D6C079B14C3C7EE00FF503C /* CaliforniaIcon.png in Resources */ = {isa = PBXBuildFile; fileRef = 3D6C079714C3C7EE00FF503C /* CaliforniaIcon.png */; };
		3D6C079C14C3C7EE00FF503C /* CaliforniaIcon@2x.png in Resources */ = {isa = PBXBuildFile; fileRef = 3D6C079814C3C7EE00FF503C /* CaliforniaIcon@2x.png */; };
		3D6C079D14C3C7EE00FF503C /* CaliforniaIconPressed.png in Resources */ = {isa = PBXBuildFile; fileRef = 3D6C079914C3C7EE00FF503C /* CaliforniaIconPressed.png */; };
		3D6C079E14C3C7EE00FF503C /* CaliforniaIconPressed@2x.png in Resources */ = {isa = PBXBuildFile; fileRef = 3D6C079A14C3C7EE00FF503C /* CaliforniaIconPressed@2x.png */; };
/* End PBXBuildFile section */

/* Begin PBXFileReference section */
		3D6C077414C346DB00FF503C /* AdvancedTables.app */ = {isa = PBXFileReference; explicitFileType = wrapper.application; includeInIndex = 0; path = AdvancedTables.app; sourceTree = BUILT_PRODUCTS_DIR; };
		3D6C077814C346DB00FF503C /* UIKit.framework */ = {isa = PBXFileReference; lastKnownFileType = wrapper.framework; name = UIKit.framework; path = System/Library/Frameworks/UIKit.framework; sourceTree = SDKROOT; };
		3D6C077A14C346DB00FF503C /* Foundation.framework */ = {isa = PBXFileReference; lastKnownFileType = wrapper.framework; name = Foundation.framework; path = System/Library/Frameworks/Foundation.framework; sourceTree = SDKROOT; };
		3D6C077C14C346DB00FF503C /* CoreGraphics.framework */ = {isa = PBXFileReference; lastKnownFileType = wrapper.framework; name = CoreGraphics.framework; path = System/Library/Frameworks/CoreGraphics.framework; sourceTree = SDKROOT; };
		3D6C078014C346DB00FF503C /* AdvancedTables-Info.plist */ = {isa = PBXFileReference; lastKnownFileType = text.plist.xml; path = "AdvancedTables-Info.plist"; sourceTree = "<group>"; };
		3D6C078214C346DB00FF503C /* en */ = {isa = PBXFileReference; lastKnownFileType = text.plist.strings; name = en; path = en.lproj/InfoPlist.strings; sourceTree = "<group>"; };
		3D6C078414C346DB00FF503C /* main.m */ = {isa = PBXFileReference; lastKnownFileType = sourcecode.c.objc; path = main.m; sourceTree = "<group>"; };
		3D6C078614C346DB00FF503C /* AdvancedTables-Prefix.pch */ = {isa = PBXFileReference; lastKnownFileType = sourcecode.c.h; path = "AdvancedTables-Prefix.pch"; sourceTree = "<group>"; };
		3D6C078714C346DB00FF503C /* ATAppDelegate.h */ = {isa = PBXFileReference; lastKnownFileType = sourcecode.c.h; path = ATAppDelegate.h; sourceTree = "<group>"; };
		3D6C078814C346DB00FF503C /* ATAppDelegate.m */ = {isa = PBXFileReference; lastKnownFileType = sourcecode.c.objc; path = ATAppDelegate.m; sourceTree = "<group>"; };
		3D6C078A14C346DB00FF503C /* ATViewController.h */ = {isa = PBXFileReference; lastKnownFileType = sourcecode.c.h; path = ATViewController.h; sourceTree = "<group>"; };
		3D6C078B14C346DB00FF503C /* ATViewController.m */ = {isa = PBXFileReference; lastKnownFileType = sourcecode.c.objc; path = ATViewController.m; sourceTree = "<group>"; };
		3D6C078E14C346DB00FF503C /* en */ = {isa = PBXFileReference; lastKnownFileType = file.xib; name = en; path = en.lproj/ATViewController.xib; sourceTree = "<group>"; };
		3D6C079514C3470600FF503C /* Cities.plist */ = {isa = PBXFileReference; fileEncoding = 4; lastKnownFileType = text.plist.xml; path = Cities.plist; sourceTree = "<group>"; };
		3D6C079714C3C7EE00FF503C /* CaliforniaIcon.png */ = {isa = PBXFileReference; lastKnownFileType = image.png; path = CaliforniaIcon.png; sourceTree = SOURCE_ROOT; };
		3D6C079814C3C7EE00FF503C /* CaliforniaIcon@2x.png */ = {isa = PBXFileReference; lastKnownFileType = image.png; path = "CaliforniaIcon@2x.png"; sourceTree = SOURCE_ROOT; };
		3D6C079914C3C7EE00FF503C /* CaliforniaIconPressed.png */ = {isa = PBXFileReference; lastKnownFileType = image.png; path = CaliforniaIconPressed.png; sourceTree = SOURCE_ROOT; };
		3D6C079A14C3C7EE00FF503C /* CaliforniaIconPressed@2x.png */ = {isa = PBXFileReference; lastKnownFileType = image.png; path = "CaliforniaIconPressed@2x.png"; sourceTree = SOURCE_ROOT; };
/* End PBXFileReference section */

/* Begin PBXFrameworksBuildPhase section */
		3D6C077114C346DB00FF503C /* Frameworks */ = {
			isa = PBXFrameworksBuildPhase;
			buildActionMask = 2147483647;
			files = (
				3D6C077914C346DB00FF503C /* UIKit.framework in Frameworks */,
				3D6C077B14C346DB00FF503C /* Foundation.framework in Frameworks */,
				3D6C077D14C346DB00FF503C /* CoreGraphics.framework in Frameworks */,
			);
			runOnlyForDeploymentPostprocessing = 0;
		};
/* End PBXFrameworksBuildPhase section */

/* Begin PBXGroup section */
		3D6C076914C346D900FF503C = {
			isa = PBXGroup;
			children = (
				3D6C077E14C346DB00FF503C /* AdvancedTables */,
				3D6C077714C346DB00FF503C /* Frameworks */,
				3D6C077514C346DB00FF503C /* Products */,
			);
			sourceTree = "<group>";
		};
		3D6C077514C346DB00FF503C /* Products */ = {
			isa = PBXGroup;
			children = (
				3D6C077414C346DB00FF503C /* AdvancedTables.app */,
			);
			name = Products;
			sourceTree = "<group>";
		};
		3D6C077714C346DB00FF503C /* Frameworks */ = {
			isa = PBXGroup;
			children = (
				3D6C077814C346DB00FF503C /* UIKit.framework */,
				3D6C077A14C346DB00FF503C /* Foundation.framework */,
				3D6C077C14C346DB00FF503C /* CoreGraphics.framework */,
			);
			name = Frameworks;
			sourceTree = "<group>";
		};
		3D6C077E14C346DB00FF503C /* AdvancedTables */ = {
			isa = PBXGroup;
			children = (
				3D6C078714C346DB00FF503C /* ATAppDelegate.h */,
				3D6C078814C346DB00FF503C /* ATAppDelegate.m */,
				3D6C078A14C346DB00FF503C /* ATViewController.h */,
				3D6C078B14C346DB00FF503C /* ATViewController.m */,
				3D6C078D14C346DB00FF503C /* ATViewController.xib */,
				3D6C077F14C346DB00FF503C /* Supporting Files */,
			);
			path = AdvancedTables;
			sourceTree = "<group>";
		};
		3D6C077F14C346DB00FF503C /* Supporting Files */ = {
			isa = PBXGroup;
			children = (
				3D6C078014C346DB00FF503C /* AdvancedTables-Info.plist */,
				3D6C078114C346DB00FF503C /* InfoPlist.strings */,
				3D6C078414C346DB00FF503C /* main.m */,
				3D6C078614C346DB00FF503C /* AdvancedTables-Prefix.pch */,
				3D6C079514C3470600FF503C /* Cities.plist */,
				3D6C079714C3C7EE00FF503C /* CaliforniaIcon.png */,
				3D6C079814C3C7EE00FF503C /* CaliforniaIcon@2x.png */,
				3D6C079914C3C7EE00FF503C /* CaliforniaIconPressed.png */,
				3D6C079A14C3C7EE00FF503C /* CaliforniaIconPressed@2x.png */,
			);
			name = "Supporting Files";
			sourceTree = "<group>";
		};
/* End PBXGroup section */

/* Begin PBXNativeTarget section */
		3D6C077314C346DB00FF503C /* AdvancedTables */ = {
			isa = PBXNativeTarget;
			buildConfigurationList = 3D6C079214C346DB00FF503C /* Build configuration list for PBXNativeTarget "AdvancedTables" */;
			buildPhases = (
				3D6C077014C346DB00FF503C /* Sources */,
				3D6C077114C346DB00FF503C /* Frameworks */,
				3D6C077214C346DB00FF503C /* Resources */,
			);
			buildRules = (
			);
			dependencies = (
			);
			name = AdvancedTables;
			productName = AdvancedTables;
			productReference = 3D6C077414C346DB00FF503C /* AdvancedTables.app */;
			productType = "com.apple.product-type.application";
		};
/* End PBXNativeTarget section */

/* Begin PBXProject section */
		3D6C076B14C346D900FF503C /* Project object */ = {
			isa = PBXProject;
			attributes = {
				LastUpgradeCheck = 0420;
			};
			buildConfigurationList = 3D6C076E14C346D900FF503C /* Build configuration list for PBXProject "AdvancedTables" */;
			compatibilityVersion = "Xcode 3.2";
			developmentRegion = English;
			hasScannedForEncodings = 0;
			knownRegions = (
				en,
			);
			mainGroup = 3D6C076914C346D900FF503C;
			productRefGroup = 3D6C077514C346DB00FF503C /* Products */;
			projectDirPath = "";
			projectRoot = "";
			targets = (
				3D6C077314C346DB00FF503C /* AdvancedTables */,
			);
		};
/* End PBXProject section */

/* Begin PBXResourcesBuildPhase section */
		3D6C077214C346DB00FF503C /* Resources */ = {
			isa = PBXResourcesBuildPhase;
			buildActionMask = 2147483647;
			files = (
				3D6C078314C346DB00FF503C /* InfoPlist.strings in Resources */,
				3D6C078F14C346DB00FF503C /* ATViewController.xib in Resources */,
				3D6C079614C3470600FF503C /* Cities.plist in Resources */,
				3D6C079B14C3C7EE00FF503C /* CaliforniaIcon.png in Resources */,
				3D6C079C14C3C7EE00FF503C /* CaliforniaIcon@2x.png in Resources */,
				3D6C079D14C3C7EE00FF503C /* CaliforniaIconPressed.png in Resources */,
				3D6C079E14C3C7EE00FF503C /* CaliforniaIconPressed@2x.png in Resources */,
			);
			runOnlyForDeploymentPostprocessing = 0;
		};
/* End PBXResourcesBuildPhase section */

/* Begin PBXSourcesBuildPhase section */
		3D6C077014C346DB00FF503C /* Sources */ = {
			isa = PBXSourcesBuildPhase;
			buildActionMask = 2147483647;
			files = (
				3D6C078514C346DB00FF503C /* main.m in Sources */,
				3D6C078914C346DB00FF503C /* ATAppDelegate.m in Sources */,
				3D6C078C14C346DB00FF503C /* ATViewController.m in Sources */,
			);
			runOnlyForDeploymentPostprocessing = 0;
		};
/* End PBXSourcesBuildPhase section */

/* Begin PBXVariantGroup section */
		3D6C078114C346DB00FF503C /* InfoPlist.strings */ = {
			isa = PBXVariantGroup;
			children = (
				3D6C078214C346DB00FF503C /* en */,
			);
			name = InfoPlist.strings;
			sourceTree = "<group>";
		};
		3D6C078D14C346DB00FF503C /* ATViewController.xib */ = {
			isa = PBXVariantGroup;
			children = (
				3D6C078E14C346DB00FF503C /* en */,
			);
			name = ATViewController.xib;
			sourceTree = "<group>";
		};
/* End PBXVariantGroup section */

/* Begin XCBuildConfiguration section */
		3D6C079014C346DB00FF503C /* Debug */ = {
			isa = XCBuildConfiguration;
			buildSettings = {
				ALWAYS_SEARCH_USER_PATHS = NO;
				ARCHS = "$(ARCHS_STANDARD_32_BIT)";
				CLANG_ENABLE_OBJC_ARC = YES;
				"CODE_SIGN_IDENTITY[sdk=iphoneos*]" = "iPhone Developer";
				COPY_PHASE_STRIP = NO;
				GCC_C_LANGUAGE_STANDARD = gnu99;
				GCC_DYNAMIC_NO_PIC = NO;
				GCC_OPTIMIZATION_LEVEL = 0;
				GCC_PREPROCESSOR_DEFINITIONS = (
					"DEBUG=1",
					"$(inherited)",
				);
				GCC_SYMBOLS_PRIVATE_EXTERN = NO;
				GCC_VERSION = com.apple.compilers.llvm.clang.1_0;
				GCC_WARN_ABOUT_MISSING_PROTOTYPES = YES;
				GCC_WARN_ABOUT_RETURN_TYPE = YES;
				GCC_WARN_UNUSED_VARIABLE = YES;
				IPHONEOS_DEPLOYMENT_TARGET = 5.0;
				SDKROOT = iphoneos;
			};
			name = Debug;
		};
		3D6C079114C346DB00FF503C /* Release */ = {
			isa = XCBuildConfiguration;
			buildSettings = {
				ALWAYS_SEARCH_USER_PATHS = NO;
				ARCHS = "$(ARCHS_STANDARD_32_BIT)";
				CLANG_ENABLE_OBJC_ARC = YES;
				"CODE_SIGN_IDENTITY[sdk=iphoneos*]" = "iPhone Developer";
				COPY_PHASE_STRIP = YES;
				GCC_C_LANGUAGE_STANDARD = gnu99;
				GCC_VERSION = com.apple.compilers.llvm.clang.1_0;
				GCC_WARN_ABOUT_MISSING_PROTOTYPES = YES;
				GCC_WARN_ABOUT_RETURN_TYPE = YES;
				GCC_WARN_UNUSED_VARIABLE = YES;
				IPHONEOS_DEPLOYMENT_TARGET = 5.0;
				OTHER_CFLAGS = "-DNS_BLOCK_ASSERTIONS=1";
				SDKROOT = iphoneos;
				VALIDATE_PRODUCT = YES;
			};
			name = Release;
		};
		3D6C079314C346DB00FF503C /* Debug */ = {
			isa = XCBuildConfiguration;
			buildSettings = {
				GCC_PRECOMPILE_PREFIX_HEADER = YES;
				GCC_PREFIX_HEADER = "AdvancedTables/AdvancedTables-Prefix.pch";
				INFOPLIST_FILE = "AdvancedTables/AdvancedTables-Info.plist";
				PRODUCT_NAME = "$(TARGET_NAME)";
				WRAPPER_EXTENSION = app;
			};
			name = Debug;
		};
		3D6C079414C346DB00FF503C /* Release */ = {
			isa = XCBuildConfiguration;
			buildSettings = {
				GCC_PRECOMPILE_PREFIX_HEADER = YES;
				GCC_PREFIX_HEADER = "AdvancedTables/AdvancedTables-Prefix.pch";
				INFOPLIST_FILE = "AdvancedTables/AdvancedTables-Info.plist";
				PRODUCT_NAME = "$(TARGET_NAME)";
				WRAPPER_EXTENSION = app;
			};
			name = Release;
		};
/* End XCBuildConfiguration section */

/* Begin XCConfigurationList section */
		3D6C076E14C346D900FF503C /* Build configuration list for PBXProject "AdvancedTables" */ = {
			isa = XCConfigurationList;
			buildConfigurations = (
				3D6C079014C346DB00FF503C /* Debug */,
				3D6C079114C346DB00FF503C /* Release */,
			);
			defaultConfigurationIsVisible = 0;
			defaultConfigurationName = Release;
		};
		3D6C079214C346DB00FF503C /* Build configuration list for PBXNativeTarget "AdvancedTables" */ = {
			isa = XCConfigurationList;
			buildConfigurations = (
				3D6C079314C346DB00FF503C /* Debug */,
				3D6C079414C346DB00FF503C /* Release */,
			);
			defaultConfigurationIsVisible = 0;
		};
/* End XCConfigurationList section */
	};
	rootObject = 3D6C076B14C346D900FF503C /* Project object */;
}
